PODS:
  - GRMustache (7.3.2):
    - JRSwizzle (~> 1.0)
  - JRSwizzle (1.0)
  - Masonry (1.1.0)

DEPENDENCIES:
  - GRMustache
  - Masonry

SPEC REPOS:
  https://github.com/cocoapods/specs.git:
    - GRMustache
    - JRSwizzle
    - Masonry

SPEC CHECKSUMS:
  GRMustache: ebe6104fd30a6d22c1f36af131e19e2dbf7cd292
  JRSwizzle: dd5ead5d913a0f29e7f558200165849f006bb1e3
  Masonry: 678fab65091a9290e40e2832a55e7ab731aad201

PODFILE CHECKSUM: f2a17b6d4435f2c3305023d6b1aa4b170e24451a

COCOAPODS: 1.6.0.beta.1
