// !$*UTF8*$!
{
	archiveVersion = 1;
	classes = {
	};
	objectVersion = 46;
	objects = {

/* Begin PBXBuildFile section */
		1622873A217C799A00F06BD7 /* JPUserViewController.m in Sources */ = {isa = PBXBuildFile; fileRef = 16228739217C799A00F06BD7 /* JPUserViewController.m */; };
		16228741217C7B0200F06BD7 /* userTableViewCell.m in Sources */ = {isa = PBXBuildFile; fileRef = 1622873F217C7B0200F06BD7 /* userTableViewCell.m */; };
		16401A1C217C7BA8002F291D /* userHeadView.m in Sources */ = {isa = PBXBuildFile; fileRef = 16401A1A217C7BA7002F291D /* userHeadView.m */; };
		16401A1F217C7BDC002F291D /* userModel.m in Sources */ = {isa = PBXBuildFile; fileRef = 16401A1E217C7BDC002F291D /* userModel.m */; };
		16E2D588217C9F32007D756A /* JPSetNewNameOrSignatureVC.m in Sources */ = {isa = PBXBuildFile; fileRef = 16E2D587217C9F32007D756A /* JPSetNewNameOrSignatureVC.m */; };
		3594C85B72D81485C6500047 /* libPods-encryptAndDecrypt.a in Frameworks */ = {isa = PBXBuildFile; fileRef = C9BCA243183E6806B9E5A617 /* libPods-encryptAndDecrypt.a */; };
		5F1C62BC217CB36B006760F2 /* clsWebServices.m in Sources */ = {isa = PBXBuildFile; fileRef = 5F1C62BB217CB36B006760F2 /* clsWebServices.m */; };
		5F1C62BF217CB598006760F2 /* clsResponseResult.m in Sources */ = {isa = PBXBuildFile; fileRef = 5F1C62BD217CB597006760F2 /* clsResponseResult.m */; };
		5FE22201218A0230000CAE96 /* GeneratedPwdView.m in Sources */ = {isa = PBXBuildFile; fileRef = 5FE221FE218A022F000CAE96 /* GeneratedPwdView.m */; };
		5FE22202218A0230000CAE96 /* GeneratedPwdView.xib in Resources */ = {isa = PBXBuildFile; fileRef = 5FE221FF218A022F000CAE96 /* GeneratedPwdView.xib */; };
		B42D63EF1CBDD9A500284E04 /* main.m in Sources */ = {isa = PBXBuildFile; fileRef = B42D63EE1CBDD9A500284E04 /* main.m */; };
		B42D63F21CBDD9A500284E04 /* AppDelegate.m in Sources */ = {isa = PBXBuildFile; fileRef = B42D63F11CBDD9A500284E04 /* AppDelegate.m */; };
		B42D63FA1CBDD9A500284E04 /* Assets.xcassets in Resources */ = {isa = PBXBuildFile; fileRef = B42D63F91CBDD9A500284E04 /* Assets.xcassets */; };
		B42D63FD1CBDD9A500284E04 /* LaunchScreen.storyboard in Resources */ = {isa = PBXBuildFile; fileRef = B42D63FB1CBDD9A500284E04 /* LaunchScreen.storyboard */; };
		B42D64071CBDD9D600284E04 /* LoginViewController.m in Sources */ = {isa = PBXBuildFile; fileRef = B42D64051CBDD9D600284E04 /* LoginViewController.m */; };
		B42D64081CBDD9D600284E04 /* LoginViewController.xib in Resources */ = {isa = PBXBuildFile; fileRef = B42D64061CBDD9D600284E04 /* LoginViewController.xib */; };
		B42D64191CBE285000284E04 /* FMDatabase.m in Sources */ = {isa = PBXBuildFile; fileRef = B42D640E1CBE285000284E04 /* FMDatabase.m */; };
		B42D641A1CBE285000284E04 /* FMDatabaseAdditions.m in Sources */ = {isa = PBXBuildFile; fileRef = B42D64101CBE285000284E04 /* FMDatabaseAdditions.m */; };
		B42D641B1CBE285000284E04 /* FMDatabasePool.m in Sources */ = {isa = PBXBuildFile; fileRef = B42D64121CBE285000284E04 /* FMDatabasePool.m */; };
		B42D641C1CBE285000284E04 /* FMDatabaseQueue.m in Sources */ = {isa = PBXBuildFile; fileRef = B42D64141CBE285000284E04 /* FMDatabaseQueue.m */; };
		B42D641D1CBE285000284E04 /* FMResultSet.m in Sources */ = {isa = PBXBuildFile; fileRef = B42D64171CBE285000284E04 /* FMResultSet.m */; };
		B42D64201CBE288000284E04 /* libsqlite3.0.tbd in Frameworks */ = {isa = PBXBuildFile; fileRef = B42D641F1CBE288000284E04 /* libsqlite3.0.tbd */; };
		B42D64231CBE299F00284E04 /* operationsDB.m in Sources */ = {isa = PBXBuildFile; fileRef = B42D64221CBE299F00284E04 /* operationsDB.m */; };
		B440BB0A1CEC1597005D0A30 /* SearchView.m in Sources */ = {isa = PBXBuildFile; fileRef = B440BB091CEC1597005D0A30 /* SearchView.m */; };
		B440BB0C1CEC15AB005D0A30 /* SearchView.xib in Resources */ = {isa = PBXBuildFile; fileRef = B440BB0B1CEC15AB005D0A30 /* SearchView.xib */; };
		B440BB101CEC5D6A005D0A30 /* SearchResultViewController.m in Sources */ = {isa = PBXBuildFile; fileRef = B440BB0E1CEC5D6A005D0A30 /* SearchResultViewController.m */; };
		B440BB111CEC5D6A005D0A30 /* SearchResultViewController.xib in Resources */ = {isa = PBXBuildFile; fileRef = B440BB0F1CEC5D6A005D0A30 /* SearchResultViewController.xib */; };
		B44472ED1CBF2756005B8662 /* MJExtensionConst.m in Sources */ = {isa = PBXBuildFile; fileRef = B44472DA1CBF2756005B8662 /* MJExtensionConst.m */; };
		B44472EE1CBF2756005B8662 /* MJFoundation.m in Sources */ = {isa = PBXBuildFile; fileRef = B44472DC1CBF2756005B8662 /* MJFoundation.m */; };
		B44472EF1CBF2756005B8662 /* MJProperty.m in Sources */ = {isa = PBXBuildFile; fileRef = B44472DE1CBF2756005B8662 /* MJProperty.m */; };
		B44472F01CBF2756005B8662 /* MJPropertyKey.m in Sources */ = {isa = PBXBuildFile; fileRef = B44472E01CBF2756005B8662 /* MJPropertyKey.m */; };
		B44472F11CBF2756005B8662 /* MJPropertyType.m in Sources */ = {isa = PBXBuildFile; fileRef = B44472E21CBF2756005B8662 /* MJPropertyType.m */; };
		B44472F21CBF2756005B8662 /* NSObject+MJClass.m in Sources */ = {isa = PBXBuildFile; fileRef = B44472E41CBF2756005B8662 /* NSObject+MJClass.m */; };
		B44472F31CBF2756005B8662 /* NSObject+MJCoding.m in Sources */ = {isa = PBXBuildFile; fileRef = B44472E61CBF2756005B8662 /* NSObject+MJCoding.m */; };
		B44472F41CBF2756005B8662 /* NSObject+MJKeyValue.m in Sources */ = {isa = PBXBuildFile; fileRef = B44472E81CBF2756005B8662 /* NSObject+MJKeyValue.m */; };
		B44472F51CBF2756005B8662 /* NSObject+MJProperty.m in Sources */ = {isa = PBXBuildFile; fileRef = B44472EA1CBF2756005B8662 /* NSObject+MJProperty.m */; };
		B44472F61CBF2756005B8662 /* NSString+MJExtension.m in Sources */ = {isa = PBXBuildFile; fileRef = B44472EC1CBF2756005B8662 /* NSString+MJExtension.m */; };
		B44472FC1CBF28CA005B8662 /* clsUserInfo.m in Sources */ = {isa = PBXBuildFile; fileRef = B44472FB1CBF28CA005B8662 /* clsUserInfo.m */; };
		B44472FF1CBF35B3005B8662 /* clsOtherFun.m in Sources */ = {isa = PBXBuildFile; fileRef = B44472FE1CBF35B3005B8662 /* clsOtherFun.m */; };
		B44473061CBF3C1A005B8662 /* angle-mask.png in Resources */ = {isa = PBXBuildFile; fileRef = B44473011CBF3C1A005B8662 /* angle-mask.png */; };
		B44473071CBF3C1A005B8662 /* angle-mask@2x.png in Resources */ = {isa = PBXBuildFile; fileRef = B44473021CBF3C1A005B8662 /* angle-mask@2x.png */; };
		B44473081CBF3C1A005B8662 /* angle-mask@3x.png in Resources */ = {isa = PBXBuildFile; fileRef = B44473031CBF3C1A005B8662 /* angle-mask@3x.png */; };
		B44473091CBF3C1A005B8662 /* LoadingView.m in Sources */ = {isa = PBXBuildFile; fileRef = B44473051CBF3C1A005B8662 /* LoadingView.m */; };
		B444730E1CBF6437005B8662 /* MainViewController.m in Sources */ = {isa = PBXBuildFile; fileRef = B444730C1CBF6437005B8662 /* MainViewController.m */; };
		B444730F1CBF6437005B8662 /* MainViewController.xib in Resources */ = {isa = PBXBuildFile; fileRef = B444730D1CBF6437005B8662 /* MainViewController.xib */; };
		B44473121CBF66E4005B8662 /* clsUserEncryptInfo.m in Sources */ = {isa = PBXBuildFile; fileRef = B44473111CBF66E4005B8662 /* clsUserEncryptInfo.m */; };
		B444731C1CBF68D4005B8662 /* TPKeyboardAvoidingCollectionView.m in Sources */ = {isa = PBXBuildFile; fileRef = B44473151CBF68D4005B8662 /* TPKeyboardAvoidingCollectionView.m */; };
		B444731D1CBF68D4005B8662 /* TPKeyboardAvoidingScrollView.m in Sources */ = {isa = PBXBuildFile; fileRef = B44473171CBF68D4005B8662 /* TPKeyboardAvoidingScrollView.m */; };
		B444731E1CBF68D4005B8662 /* TPKeyboardAvoidingTableView.m in Sources */ = {isa = PBXBuildFile; fileRef = B44473191CBF68D4005B8662 /* TPKeyboardAvoidingTableView.m */; };
		B444731F1CBF68D4005B8662 /* UIScrollView+TPKeyboardAvoidingAdditions.m in Sources */ = {isa = PBXBuildFile; fileRef = B444731B1CBF68D4005B8662 /* UIScrollView+TPKeyboardAvoidingAdditions.m */; };
		B44473291CBF6CE2005B8662 /* AES.m in Sources */ = {isa = PBXBuildFile; fileRef = B44473221CBF6CE2005B8662 /* AES.m */; };
		B444732A1CBF6CE2005B8662 /* NSData+Base64.m in Sources */ = {isa = PBXBuildFile; fileRef = B44473241CBF6CE2005B8662 /* NSData+Base64.m */; };
		B444732B1CBF6CE2005B8662 /* NSData+CommonCrypto.m in Sources */ = {isa = PBXBuildFile; fileRef = B44473261CBF6CE2005B8662 /* NSData+CommonCrypto.m */; };
		B444732C1CBF6CE2005B8662 /* NSString+Base64.m in Sources */ = {isa = PBXBuildFile; fileRef = B44473281CBF6CE2005B8662 /* NSString+Base64.m */; };
		B44473331CBF6FE9005B8662 /* HomeViewController.m in Sources */ = {isa = PBXBuildFile; fileRef = B44473311CBF6FE9005B8662 /* HomeViewController.m */; };
		B44473341CBF6FE9005B8662 /* HomeViewController.xib in Resources */ = {isa = PBXBuildFile; fileRef = B44473321CBF6FE9005B8662 /* HomeViewController.xib */; };
		B44473381CBF7023005B8662 /* PersonalViewController.m in Sources */ = {isa = PBXBuildFile; fileRef = B44473361CBF7023005B8662 /* PersonalViewController.m */; };
		B44473391CBF7023005B8662 /* PersonalViewController.xib in Resources */ = {isa = PBXBuildFile; fileRef = B44473371CBF7023005B8662 /* PersonalViewController.xib */; };
		B444733D1CBF7048005B8662 /* SettingViewController.m in Sources */ = {isa = PBXBuildFile; fileRef = B444733B1CBF7048005B8662 /* SettingViewController.m */; };
		B444733E1CBF7048005B8662 /* SettingViewController.xib in Resources */ = {isa = PBXBuildFile; fileRef = B444733C1CBF7048005B8662 /* SettingViewController.xib */; };
		B44473421CBF9348005B8662 /* HomeTableViewCell.m in Sources */ = {isa = PBXBuildFile; fileRef = B44473401CBF9348005B8662 /* HomeTableViewCell.m */; };
		B44473431CBF9348005B8662 /* HomeTableViewCell.xib in Resources */ = {isa = PBXBuildFile; fileRef = B44473411CBF9348005B8662 /* HomeTableViewCell.xib */; };
		B44473461CBF9B06005B8662 /* RWLabel.m in Sources */ = {isa = PBXBuildFile; fileRef = B44473451CBF9B06005B8662 /* RWLabel.m */; };
		B44C125B1CDADA2F000AE969 /* ContentDetailViewController.m in Sources */ = {isa = PBXBuildFile; fileRef = B44C12591CDADA2F000AE969 /* ContentDetailViewController.m */; };
		B44C125C1CDADA2F000AE969 /* ContentDetailViewController.xib in Resources */ = {isa = PBXBuildFile; fileRef = B44C125A1CDADA2F000AE969 /* ContentDetailViewController.xib */; };
		B44C12601CDB49A0000AE969 /* NoteViewController.m in Sources */ = {isa = PBXBuildFile; fileRef = B44C125E1CDB49A0000AE969 /* NoteViewController.m */; };
		B44C12611CDB49A0000AE969 /* NoteViewController.xib in Resources */ = {isa = PBXBuildFile; fileRef = B44C125F1CDB49A0000AE969 /* NoteViewController.xib */; };
		B44C80AE1CE9A827005B9440 /* MBProgressHUD.m in Sources */ = {isa = PBXBuildFile; fileRef = B44C80AD1CE9A827005B9440 /* MBProgressHUD.m */; };
		B44C80B11CE9B5B1005B9440 /* AddDataView.m in Sources */ = {isa = PBXBuildFile; fileRef = B44C80B01CE9B5B1005B9440 /* AddDataView.m */; };
		B44C80B31CE9B5C1005B9440 /* AddDataView.xib in Resources */ = {isa = PBXBuildFile; fileRef = B44C80B21CE9B5C1005B9440 /* AddDataView.xib */; };
		B44E100B1D18D8D70051119E /* template.html in Resources */ = {isa = PBXBuildFile; fileRef = B44E100A1D18D8D70051119E /* template.html */; };
		B44E100D1D190F990051119E /* test.js in Resources */ = {isa = PBXBuildFile; fileRef = B44E100C1D190F990051119E /* test.js */; };
		B45956331CEB00350064A183 /* clsTableInfo.m in Sources */ = {isa = PBXBuildFile; fileRef = B45956321CEB00350064A183 /* clsTableInfo.m */; };
		B4AA52002178846B00A4ABD5 /* 需求.md in Resources */ = {isa = PBXBuildFile; fileRef = B4AA51FF2178846B00A4ABD5 /* 需求.md */; };
		B4AA520A217886F800A4ABD5 /* FCHCameraLoadingView.m in Sources */ = {isa = PBXBuildFile; fileRef = B4AA5203217886F800A4ABD5 /* FCHCameraLoadingView.m */; };
		B4AA520B217886F800A4ABD5 /* FCHLoadingStateView.m in Sources */ = {isa = PBXBuildFile; fileRef = B4AA5205217886F800A4ABD5 /* FCHLoadingStateView.m */; };
		B4AA520C217886F800A4ABD5 /* FCHLoadingView.m in Sources */ = {isa = PBXBuildFile; fileRef = B4AA5207217886F800A4ABD5 /* FCHLoadingView.m */; };
		B4AA520D217886F800A4ABD5 /* FCHVarietyStyleLoadingView.m in Sources */ = {isa = PBXBuildFile; fileRef = B4AA5209217886F800A4ABD5 /* FCHVarietyStyleLoadingView.m */; };
		B4AA52102178872F00A4ABD5 /* FCHActivityCeterLoadingView.m in Sources */ = {isa = PBXBuildFile; fileRef = B4AA520E2178872F00A4ABD5 /* FCHActivityCeterLoadingView.m */; };
		B4AA52142178898200A4ABD5 /* SLUIColor.m in Sources */ = {isa = PBXBuildFile; fileRef = B4AA52132178898200A4ABD5 /* SLUIColor.m */; };
		B4AA5217217889F100A4ABD5 /* FCHRefreshIconView.m in Sources */ = {isa = PBXBuildFile; fileRef = B4AA5216217889F100A4ABD5 /* FCHRefreshIconView.m */; };
		B4AA521D21788A5E00A4ABD5 /* UIImage+FCHRotateFlip.m in Sources */ = {isa = PBXBuildFile; fileRef = B4AA521C21788A5E00A4ABD5 /* UIImage+FCHRotateFlip.m */; };
		C4FF8B902185723A00359462 /* MCFontSettingViewController.m in Sources */ = {isa = PBXBuildFile; fileRef = C4FF8B842185723900359462 /* MCFontSettingViewController.m */; };
		C4FF8B912185723A00359462 /* MCSkipSwitchViewController.m in Sources */ = {isa = PBXBuildFile; fileRef = C4FF8B852185723900359462 /* MCSkipSwitchViewController.m */; };
		C4FF8B922185723A00359462 /* MCChangePasswordViewController.m in Sources */ = {isa = PBXBuildFile; fileRef = C4FF8B882185723900359462 /* MCChangePasswordViewController.m */; };
		C4FF8B932185723A00359462 /* MCCustomTopBar.m in Sources */ = {isa = PBXBuildFile; fileRef = C4FF8B892185723900359462 /* MCCustomTopBar.m */; };
		C4FF8B942185723A00359462 /* MCFeedbackViewController.m in Sources */ = {isa = PBXBuildFile; fileRef = C4FF8B8C2185723A00359462 /* MCFeedbackViewController.m */; };
		C4FF8B952185723A00359462 /* MCAboutViewController.m in Sources */ = {isa = PBXBuildFile; fileRef = C4FF8B8E2185723A00359462 /* MCAboutViewController.m */; };
		C4FF8B9A2185736100359462 /* MCThemeManage.m in Sources */ = {isa = PBXBuildFile; fileRef = C4FF8B982185736100359462 /* MCThemeManage.m */; };
/* End PBXBuildFile section */

/* Begin PBXFileReference section */
		068401D846117E8131EBB31B /* Pods-encryptAndDecrypt.release.xcconfig */ = {isa = PBXFileReference; includeInIndex = 1; lastKnownFileType = text.xcconfig; name = "Pods-encryptAndDecrypt.release.xcconfig"; path = "Target Support Files/Pods-encryptAndDecrypt/Pods-encryptAndDecrypt.release.xcconfig"; sourceTree = "<group>"; };
		16228738217C799A00F06BD7 /* JPUserViewController.h */ = {isa = PBXFileReference; lastKnownFileType = sourcecode.c.h; path = JPUserViewController.h; sourceTree = "<group>"; };
		16228739217C799A00F06BD7 /* JPUserViewController.m */ = {isa = PBXFileReference; lastKnownFileType = sourcecode.c.objc; path = JPUserViewController.m; sourceTree = "<group>"; };
		1622873F217C7B0200F06BD7 /* userTableViewCell.m */ = {isa = PBXFileReference; fileEncoding = 4; lastKnownFileType = sourcecode.c.objc; path = userTableViewCell.m; sourceTree = "<group>"; };
		16228740217C7B0200F06BD7 /* userTableViewCell.h */ = {isa = PBXFileReference; fileEncoding = 4; lastKnownFileType = sourcecode.c.h; path = userTableViewCell.h; sourceTree = "<group>"; };
		16401A1A217C7BA7002F291D /* userHeadView.m */ = {isa = PBXFileReference; fileEncoding = 4; lastKnownFileType = sourcecode.c.objc; path = userHeadView.m; sourceTree = "<group>"; };
		16401A1B217C7BA7002F291D /* userHeadView.h */ = {isa = PBXFileReference; fileEncoding = 4; lastKnownFileType = sourcecode.c.h; path = userHeadView.h; sourceTree = "<group>"; };
		16401A1D217C7BDC002F291D /* userModel.h */ = {isa = PBXFileReference; fileEncoding = 4; lastKnownFileType = sourcecode.c.h; path = userModel.h; sourceTree = "<group>"; };
		16401A1E217C7BDC002F291D /* userModel.m */ = {isa = PBXFileReference; fileEncoding = 4; lastKnownFileType = sourcecode.c.objc; path = userModel.m; sourceTree = "<group>"; };
		16E2D586217C9F32007D756A /* JPSetNewNameOrSignatureVC.h */ = {isa = PBXFileReference; lastKnownFileType = sourcecode.c.h; path = JPSetNewNameOrSignatureVC.h; sourceTree = "<group>"; };
		16E2D587217C9F32007D756A /* JPSetNewNameOrSignatureVC.m */ = {isa = PBXFileReference; lastKnownFileType = sourcecode.c.objc; path = JPSetNewNameOrSignatureVC.m; sourceTree = "<group>"; };
		1C65343998CEFFC977140F79 /* Pods-encryptAndDecrypt.release.xcconfig */ = {isa = PBXFileReference; includeInIndex = 1; lastKnownFileType = text.xcconfig; name = "Pods-encryptAndDecrypt.release.xcconfig"; path = "Pods/Target Support Files/Pods-encryptAndDecrypt/Pods-encryptAndDecrypt.release.xcconfig"; sourceTree = "<group>"; };
		4F3371B4F9AAA92F9D3B8949 /* Pods-encryptAndDecrypt.debug.xcconfig */ = {isa = PBXFileReference; includeInIndex = 1; lastKnownFileType = text.xcconfig; name = "Pods-encryptAndDecrypt.debug.xcconfig"; path = "Target Support Files/Pods-encryptAndDecrypt/Pods-encryptAndDecrypt.debug.xcconfig"; sourceTree = "<group>"; };
		5F1C62BA217CB36B006760F2 /* clsWebServices.h */ = {isa = PBXFileReference; fileEncoding = 4; lastKnownFileType = sourcecode.c.h; path = clsWebServices.h; sourceTree = "<group>"; };
		5F1C62BB217CB36B006760F2 /* clsWebServices.m */ = {isa = PBXFileReference; fileEncoding = 4; lastKnownFileType = sourcecode.c.objc; path = clsWebServices.m; sourceTree = "<group>"; };
		5F1C62BD217CB597006760F2 /* clsResponseResult.m */ = {isa = PBXFileReference; fileEncoding = 4; lastKnownFileType = sourcecode.c.objc; path = clsResponseResult.m; sourceTree = "<group>"; };
		5F1C62BE217CB598006760F2 /* clsResponseResult.h */ = {isa = PBXFileReference; fileEncoding = 4; lastKnownFileType = sourcecode.c.h; path = clsResponseResult.h; sourceTree = "<group>"; };
		5FE221FE218A022F000CAE96 /* GeneratedPwdView.m */ = {isa = PBXFileReference; fileEncoding = 4; lastKnownFileType = sourcecode.c.objc; path = GeneratedPwdView.m; sourceTree = "<group>"; };
		5FE221FF218A022F000CAE96 /* GeneratedPwdView.xib */ = {isa = PBXFileReference; fileEncoding = 4; lastKnownFileType = file.xib; path = GeneratedPwdView.xib; sourceTree = "<group>"; };
		5FE22200218A022F000CAE96 /* GeneratedPwdView.h */ = {isa = PBXFileReference; fileEncoding = 4; lastKnownFileType = sourcecode.c.h; path = GeneratedPwdView.h; sourceTree = "<group>"; };
		B42D63EA1CBDD9A500284E04 /* encryptAndDecrypt.app */ = {isa = PBXFileReference; explicitFileType = wrapper.application; includeInIndex = 0; path = encryptAndDecrypt.app; sourceTree = BUILT_PRODUCTS_DIR; };
		B42D63EE1CBDD9A500284E04 /* main.m */ = {isa = PBXFileReference; lastKnownFileType = sourcecode.c.objc; path = main.m; sourceTree = "<group>"; };
		B42D63F01CBDD9A500284E04 /* AppDelegate.h */ = {isa = PBXFileReference; lastKnownFileType = sourcecode.c.h; path = AppDelegate.h; sourceTree = "<group>"; };
		B42D63F11CBDD9A500284E04 /* AppDelegate.m */ = {isa = PBXFileReference; lastKnownFileType = sourcecode.c.objc; path = AppDelegate.m; sourceTree = "<group>"; };
		B42D63F91CBDD9A500284E04 /* Assets.xcassets */ = {isa = PBXFileReference; lastKnownFileType = folder.assetcatalog; path = Assets.xcassets; sourceTree = "<group>"; };
		B42D63FC1CBDD9A500284E04 /* Base */ = {isa = PBXFileReference; lastKnownFileType = file.storyboard; name = Base; path = Base.lproj/LaunchScreen.storyboard; sourceTree = "<group>"; };
		B42D63FE1CBDD9A500284E04 /* Info.plist */ = {isa = PBXFileReference; lastKnownFileType = text.plist.xml; path = Info.plist; sourceTree = "<group>"; };
		B42D64041CBDD9D600284E04 /* LoginViewController.h */ = {isa = PBXFileReference; fileEncoding = 4; lastKnownFileType = sourcecode.c.h; path = LoginViewController.h; sourceTree = "<group>"; };
		B42D64051CBDD9D600284E04 /* LoginViewController.m */ = {isa = PBXFileReference; fileEncoding = 4; lastKnownFileType = sourcecode.c.objc; path = LoginViewController.m; sourceTree = "<group>"; };
		B42D64061CBDD9D600284E04 /* LoginViewController.xib */ = {isa = PBXFileReference; fileEncoding = 4; lastKnownFileType = file.xib; path = LoginViewController.xib; sourceTree = "<group>"; };
		B42D640D1CBE285000284E04 /* FMDatabase.h */ = {isa = PBXFileReference; fileEncoding = 4; lastKnownFileType = sourcecode.c.h; path = FMDatabase.h; sourceTree = "<group>"; };
		B42D640E1CBE285000284E04 /* FMDatabase.m */ = {isa = PBXFileReference; fileEncoding = 4; lastKnownFileType = sourcecode.c.objc; path = FMDatabase.m; sourceTree = "<group>"; };
		B42D640F1CBE285000284E04 /* FMDatabaseAdditions.h */ = {isa = PBXFileReference; fileEncoding = 4; lastKnownFileType = sourcecode.c.h; path = FMDatabaseAdditions.h; sourceTree = "<group>"; };
		B42D64101CBE285000284E04 /* FMDatabaseAdditions.m */ = {isa = PBXFileReference; fileEncoding = 4; lastKnownFileType = sourcecode.c.objc; path = FMDatabaseAdditions.m; sourceTree = "<group>"; };
		B42D64111CBE285000284E04 /* FMDatabasePool.h */ = {isa = PBXFileReference; fileEncoding = 4; lastKnownFileType = sourcecode.c.h; path = FMDatabasePool.h; sourceTree = "<group>"; };
		B42D64121CBE285000284E04 /* FMDatabasePool.m */ = {isa = PBXFileReference; fileEncoding = 4; lastKnownFileType = sourcecode.c.objc; path = FMDatabasePool.m; sourceTree = "<group>"; };
		B42D64131CBE285000284E04 /* FMDatabaseQueue.h */ = {isa = PBXFileReference; fileEncoding = 4; lastKnownFileType = sourcecode.c.h; path = FMDatabaseQueue.h; sourceTree = "<group>"; };
		B42D64141CBE285000284E04 /* FMDatabaseQueue.m */ = {isa = PBXFileReference; fileEncoding = 4; lastKnownFileType = sourcecode.c.objc; path = FMDatabaseQueue.m; sourceTree = "<group>"; };
		B42D64151CBE285000284E04 /* FMDB.h */ = {isa = PBXFileReference; fileEncoding = 4; lastKnownFileType = sourcecode.c.h; path = FMDB.h; sourceTree = "<group>"; };
		B42D64161CBE285000284E04 /* FMResultSet.h */ = {isa = PBXFileReference; fileEncoding = 4; lastKnownFileType = sourcecode.c.h; path = FMResultSet.h; sourceTree = "<group>"; };
		B42D64171CBE285000284E04 /* FMResultSet.m */ = {isa = PBXFileReference; fileEncoding = 4; lastKnownFileType = sourcecode.c.objc; path = FMResultSet.m; sourceTree = "<group>"; };
		B42D641F1CBE288000284E04 /* libsqlite3.0.tbd */ = {isa = PBXFileReference; lastKnownFileType = "sourcecode.text-based-dylib-definition"; name = libsqlite3.0.tbd; path = usr/lib/libsqlite3.0.tbd; sourceTree = SDKROOT; };
		B42D64211CBE299F00284E04 /* operationsDB.h */ = {isa = PBXFileReference; fileEncoding = 4; lastKnownFileType = sourcecode.c.h; path = operationsDB.h; sourceTree = "<group>"; };
		B42D64221CBE299F00284E04 /* operationsDB.m */ = {isa = PBXFileReference; fileEncoding = 4; lastKnownFileType = sourcecode.c.objc; path = operationsDB.m; sourceTree = "<group>"; };
		B440BB081CEC1597005D0A30 /* SearchView.h */ = {isa = PBXFileReference; fileEncoding = 4; lastKnownFileType = sourcecode.c.h; path = SearchView.h; sourceTree = "<group>"; };
		B440BB091CEC1597005D0A30 /* SearchView.m */ = {isa = PBXFileReference; fileEncoding = 4; lastKnownFileType = sourcecode.c.objc; path = SearchView.m; sourceTree = "<group>"; };
		B440BB0B1CEC15AB005D0A30 /* SearchView.xib */ = {isa = PBXFileReference; fileEncoding = 4; lastKnownFileType = file.xib; path = SearchView.xib; sourceTree = "<group>"; };
		B440BB0D1CEC5D6A005D0A30 /* SearchResultViewController.h */ = {isa = PBXFileReference; fileEncoding = 4; lastKnownFileType = sourcecode.c.h; path = SearchResultViewController.h; sourceTree = "<group>"; };
		B440BB0E1CEC5D6A005D0A30 /* SearchResultViewController.m */ = {isa = PBXFileReference; fileEncoding = 4; lastKnownFileType = sourcecode.c.objc; path = SearchResultViewController.m; sourceTree = "<group>"; };
		B440BB0F1CEC5D6A005D0A30 /* SearchResultViewController.xib */ = {isa = PBXFileReference; fileEncoding = 4; lastKnownFileType = file.xib; path = SearchResultViewController.xib; sourceTree = "<group>"; };
		B44472D81CBF2756005B8662 /* MJExtension.h */ = {isa = PBXFileReference; fileEncoding = 4; lastKnownFileType = sourcecode.c.h; path = MJExtension.h; sourceTree = "<group>"; };
		B44472D91CBF2756005B8662 /* MJExtensionConst.h */ = {isa = PBXFileReference; fileEncoding = 4; lastKnownFileType = sourcecode.c.h; path = MJExtensionConst.h; sourceTree = "<group>"; };
		B44472DA1CBF2756005B8662 /* MJExtensionConst.m */ = {isa = PBXFileReference; fileEncoding = 4; lastKnownFileType = sourcecode.c.objc; path = MJExtensionConst.m; sourceTree = "<group>"; };
		B44472DB1CBF2756005B8662 /* MJFoundation.h */ = {isa = PBXFileReference; fileEncoding = 4; lastKnownFileType = sourcecode.c.h; path = MJFoundation.h; sourceTree = "<group>"; };
		B44472DC1CBF2756005B8662 /* MJFoundation.m */ = {isa = PBXFileReference; fileEncoding = 4; lastKnownFileType = sourcecode.c.objc; path = MJFoundation.m; sourceTree = "<group>"; };
		B44472DD1CBF2756005B8662 /* MJProperty.h */ = {isa = PBXFileReference; fileEncoding = 4; lastKnownFileType = sourcecode.c.h; path = MJProperty.h; sourceTree = "<group>"; };
		B44472DE1CBF2756005B8662 /* MJProperty.m */ = {isa = PBXFileReference; fileEncoding = 4; lastKnownFileType = sourcecode.c.objc; path = MJProperty.m; sourceTree = "<group>"; };
		B44472DF1CBF2756005B8662 /* MJPropertyKey.h */ = {isa = PBXFileReference; fileEncoding = 4; lastKnownFileType = sourcecode.c.h; path = MJPropertyKey.h; sourceTree = "<group>"; };
		B44472E01CBF2756005B8662 /* MJPropertyKey.m */ = {isa = PBXFileReference; fileEncoding = 4; lastKnownFileType = sourcecode.c.objc; path = MJPropertyKey.m; sourceTree = "<group>"; };
		B44472E11CBF2756005B8662 /* MJPropertyType.h */ = {isa = PBXFileReference; fileEncoding = 4; lastKnownFileType = sourcecode.c.h; path = MJPropertyType.h; sourceTree = "<group>"; };
		B44472E21CBF2756005B8662 /* MJPropertyType.m */ = {isa = PBXFileReference; fileEncoding = 4; lastKnownFileType = sourcecode.c.objc; path = MJPropertyType.m; sourceTree = "<group>"; };
		B44472E31CBF2756005B8662 /* NSObject+MJClass.h */ = {isa = PBXFileReference; fileEncoding = 4; lastKnownFileType = sourcecode.c.h; path = "NSObject+MJClass.h"; sourceTree = "<group>"; };
		B44472E41CBF2756005B8662 /* NSObject+MJClass.m */ = {isa = PBXFileReference; fileEncoding = 4; lastKnownFileType = sourcecode.c.objc; path = "NSObject+MJClass.m"; sourceTree = "<group>"; };
		B44472E51CBF2756005B8662 /* NSObject+MJCoding.h */ = {isa = PBXFileReference; fileEncoding = 4; lastKnownFileType = sourcecode.c.h; path = "NSObject+MJCoding.h"; sourceTree = "<group>"; };
		B44472E61CBF2756005B8662 /* NSObject+MJCoding.m */ = {isa = PBXFileReference; fileEncoding = 4; lastKnownFileType = sourcecode.c.objc; path = "NSObject+MJCoding.m"; sourceTree = "<group>"; };
		B44472E71CBF2756005B8662 /* NSObject+MJKeyValue.h */ = {isa = PBXFileReference; fileEncoding = 4; lastKnownFileType = sourcecode.c.h; path = "NSObject+MJKeyValue.h"; sourceTree = "<group>"; };
		B44472E81CBF2756005B8662 /* NSObject+MJKeyValue.m */ = {isa = PBXFileReference; fileEncoding = 4; lastKnownFileType = sourcecode.c.objc; path = "NSObject+MJKeyValue.m"; sourceTree = "<group>"; };
		B44472E91CBF2756005B8662 /* NSObject+MJProperty.h */ = {isa = PBXFileReference; fileEncoding = 4; lastKnownFileType = sourcecode.c.h; path = "NSObject+MJProperty.h"; sourceTree = "<group>"; };
		B44472EA1CBF2756005B8662 /* NSObject+MJProperty.m */ = {isa = PBXFileReference; fileEncoding = 4; lastKnownFileType = sourcecode.c.objc; path = "NSObject+MJProperty.m"; sourceTree = "<group>"; };
		B44472EB1CBF2756005B8662 /* NSString+MJExtension.h */ = {isa = PBXFileReference; fileEncoding = 4; lastKnownFileType = sourcecode.c.h; path = "NSString+MJExtension.h"; sourceTree = "<group>"; };
		B44472EC1CBF2756005B8662 /* NSString+MJExtension.m */ = {isa = PBXFileReference; fileEncoding = 4; lastKnownFileType = sourcecode.c.objc; path = "NSString+MJExtension.m"; sourceTree = "<group>"; };
		B44472FA1CBF28CA005B8662 /* clsUserInfo.h */ = {isa = PBXFileReference; fileEncoding = 4; lastKnownFileType = sourcecode.c.h; path = clsUserInfo.h; sourceTree = "<group>"; };
		B44472FB1CBF28CA005B8662 /* clsUserInfo.m */ = {isa = PBXFileReference; fileEncoding = 4; lastKnownFileType = sourcecode.c.objc; path = clsUserInfo.m; sourceTree = "<group>"; };
		B44472FD1CBF35B3005B8662 /* clsOtherFun.h */ = {isa = PBXFileReference; fileEncoding = 4; lastKnownFileType = sourcecode.c.h; path = clsOtherFun.h; sourceTree = "<group>"; };
		B44472FE1CBF35B3005B8662 /* clsOtherFun.m */ = {isa = PBXFileReference; fileEncoding = 4; lastKnownFileType = sourcecode.c.objc; path = clsOtherFun.m; sourceTree = "<group>"; };
		B44473011CBF3C1A005B8662 /* angle-mask.png */ = {isa = PBXFileReference; lastKnownFileType = image.png; path = "angle-mask.png"; sourceTree = "<group>"; };
		B44473021CBF3C1A005B8662 /* angle-mask@2x.png */ = {isa = PBXFileReference; lastKnownFileType = image.png; path = "angle-mask@2x.png"; sourceTree = "<group>"; };
		B44473031CBF3C1A005B8662 /* angle-mask@3x.png */ = {isa = PBXFileReference; lastKnownFileType = image.png; path = "angle-mask@3x.png"; sourceTree = "<group>"; };
		B44473041CBF3C1A005B8662 /* LoadingView.h */ = {isa = PBXFileReference; fileEncoding = 4; lastKnownFileType = sourcecode.c.h; path = LoadingView.h; sourceTree = "<group>"; };
		B44473051CBF3C1A005B8662 /* LoadingView.m */ = {isa = PBXFileReference; fileEncoding = 4; lastKnownFileType = sourcecode.c.objc; path = LoadingView.m; sourceTree = "<group>"; };
		B444730B1CBF6437005B8662 /* MainViewController.h */ = {isa = PBXFileReference; fileEncoding = 4; lastKnownFileType = sourcecode.c.h; path = MainViewController.h; sourceTree = "<group>"; };
		B444730C1CBF6437005B8662 /* MainViewController.m */ = {isa = PBXFileReference; fileEncoding = 4; lastKnownFileType = sourcecode.c.objc; path = MainViewController.m; sourceTree = "<group>"; };
		B444730D1CBF6437005B8662 /* MainViewController.xib */ = {isa = PBXFileReference; fileEncoding = 4; lastKnownFileType = file.xib; path = MainViewController.xib; sourceTree = "<group>"; };
		B44473101CBF66E4005B8662 /* clsUserEncryptInfo.h */ = {isa = PBXFileReference; fileEncoding = 4; lastKnownFileType = sourcecode.c.h; path = clsUserEncryptInfo.h; sourceTree = "<group>"; };
		B44473111CBF66E4005B8662 /* clsUserEncryptInfo.m */ = {isa = PBXFileReference; fileEncoding = 4; lastKnownFileType = sourcecode.c.objc; path = clsUserEncryptInfo.m; sourceTree = "<group>"; };
		B44473141CBF68D4005B8662 /* TPKeyboardAvoidingCollectionView.h */ = {isa = PBXFileReference; fileEncoding = 4; lastKnownFileType = sourcecode.c.h; path = TPKeyboardAvoidingCollectionView.h; sourceTree = "<group>"; };
		B44473151CBF68D4005B8662 /* TPKeyboardAvoidingCollectionView.m */ = {isa = PBXFileReference; fileEncoding = 4; lastKnownFileType = sourcecode.c.objc; path = TPKeyboardAvoidingCollectionView.m; sourceTree = "<group>"; };
		B44473161CBF68D4005B8662 /* TPKeyboardAvoidingScrollView.h */ = {isa = PBXFileReference; fileEncoding = 4; lastKnownFileType = sourcecode.c.h; path = TPKeyboardAvoidingScrollView.h; sourceTree = "<group>"; };
		B44473171CBF68D4005B8662 /* TPKeyboardAvoidingScrollView.m */ = {isa = PBXFileReference; fileEncoding = 4; lastKnownFileType = sourcecode.c.objc; path = TPKeyboardAvoidingScrollView.m; sourceTree = "<group>"; };
		B44473181CBF68D4005B8662 /* TPKeyboardAvoidingTableView.h */ = {isa = PBXFileReference; fileEncoding = 4; lastKnownFileType = sourcecode.c.h; path = TPKeyboardAvoidingTableView.h; sourceTree = "<group>"; };
		B44473191CBF68D4005B8662 /* TPKeyboardAvoidingTableView.m */ = {isa = PBXFileReference; fileEncoding = 4; lastKnownFileType = sourcecode.c.objc; path = TPKeyboardAvoidingTableView.m; sourceTree = "<group>"; };
		B444731A1CBF68D4005B8662 /* UIScrollView+TPKeyboardAvoidingAdditions.h */ = {isa = PBXFileReference; fileEncoding = 4; lastKnownFileType = sourcecode.c.h; path = "UIScrollView+TPKeyboardAvoidingAdditions.h"; sourceTree = "<group>"; };
		B444731B1CBF68D4005B8662 /* UIScrollView+TPKeyboardAvoidingAdditions.m */ = {isa = PBXFileReference; fileEncoding = 4; lastKnownFileType = sourcecode.c.objc; path = "UIScrollView+TPKeyboardAvoidingAdditions.m"; sourceTree = "<group>"; };
		B44473211CBF6CE2005B8662 /* AES.h */ = {isa = PBXFileReference; fileEncoding = 4; lastKnownFileType = sourcecode.c.h; path = AES.h; sourceTree = "<group>"; };
		B44473221CBF6CE2005B8662 /* AES.m */ = {isa = PBXFileReference; fileEncoding = 4; lastKnownFileType = sourcecode.c.objc; path = AES.m; sourceTree = "<group>"; };
		B44473231CBF6CE2005B8662 /* NSData+Base64.h */ = {isa = PBXFileReference; fileEncoding = 4; lastKnownFileType = sourcecode.c.h; path = "NSData+Base64.h"; sourceTree = "<group>"; };
		B44473241CBF6CE2005B8662 /* NSData+Base64.m */ = {isa = PBXFileReference; fileEncoding = 4; lastKnownFileType = sourcecode.c.objc; path = "NSData+Base64.m"; sourceTree = "<group>"; };
		B44473251CBF6CE2005B8662 /* NSData+CommonCrypto.h */ = {isa = PBXFileReference; fileEncoding = 4; lastKnownFileType = sourcecode.c.h; path = "NSData+CommonCrypto.h"; sourceTree = "<group>"; };
		B44473261CBF6CE2005B8662 /* NSData+CommonCrypto.m */ = {isa = PBXFileReference; fileEncoding = 4; lastKnownFileType = sourcecode.c.objc; path = "NSData+CommonCrypto.m"; sourceTree = "<group>"; };
		B44473271CBF6CE2005B8662 /* NSString+Base64.h */ = {isa = PBXFileReference; fileEncoding = 4; lastKnownFileType = sourcecode.c.h; path = "NSString+Base64.h"; sourceTree = "<group>"; };
		B44473281CBF6CE2005B8662 /* NSString+Base64.m */ = {isa = PBXFileReference; fileEncoding = 4; lastKnownFileType = sourcecode.c.objc; path = "NSString+Base64.m"; sourceTree = "<group>"; };
		B44473301CBF6FE9005B8662 /* HomeViewController.h */ = {isa = PBXFileReference; fileEncoding = 4; lastKnownFileType = sourcecode.c.h; path = HomeViewController.h; sourceTree = "<group>"; };
		B44473311CBF6FE9005B8662 /* HomeViewController.m */ = {isa = PBXFileReference; fileEncoding = 4; lastKnownFileType = sourcecode.c.objc; path = HomeViewController.m; sourceTree = "<group>"; };
		B44473321CBF6FE9005B8662 /* HomeViewController.xib */ = {isa = PBXFileReference; fileEncoding = 4; lastKnownFileType = file.xib; path = HomeViewController.xib; sourceTree = "<group>"; };
		B44473351CBF7023005B8662 /* PersonalViewController.h */ = {isa = PBXFileReference; fileEncoding = 4; lastKnownFileType = sourcecode.c.h; path = PersonalViewController.h; sourceTree = "<group>"; };
		B44473361CBF7023005B8662 /* PersonalViewController.m */ = {isa = PBXFileReference; fileEncoding = 4; lastKnownFileType = sourcecode.c.objc; path = PersonalViewController.m; sourceTree = "<group>"; };
		B44473371CBF7023005B8662 /* PersonalViewController.xib */ = {isa = PBXFileReference; fileEncoding = 4; lastKnownFileType = file.xib; path = PersonalViewController.xib; sourceTree = "<group>"; };
		B444733A1CBF7048005B8662 /* SettingViewController.h */ = {isa = PBXFileReference; fileEncoding = 4; lastKnownFileType = sourcecode.c.h; path = SettingViewController.h; sourceTree = "<group>"; };
		B444733B1CBF7048005B8662 /* SettingViewController.m */ = {isa = PBXFileReference; fileEncoding = 4; lastKnownFileType = sourcecode.c.objc; path = SettingViewController.m; sourceTree = "<group>"; };
		B444733C1CBF7048005B8662 /* SettingViewController.xib */ = {isa = PBXFileReference; fileEncoding = 4; lastKnownFileType = file.xib; path = SettingViewController.xib; sourceTree = "<group>"; };
		B444733F1CBF9348005B8662 /* HomeTableViewCell.h */ = {isa = PBXFileReference; fileEncoding = 4; lastKnownFileType = sourcecode.c.h; path = HomeTableViewCell.h; sourceTree = "<group>"; };
		B44473401CBF9348005B8662 /* HomeTableViewCell.m */ = {isa = PBXFileReference; fileEncoding = 4; lastKnownFileType = sourcecode.c.objc; path = HomeTableViewCell.m; sourceTree = "<group>"; };
		B44473411CBF9348005B8662 /* HomeTableViewCell.xib */ = {isa = PBXFileReference; fileEncoding = 4; lastKnownFileType = file.xib; path = HomeTableViewCell.xib; sourceTree = "<group>"; };
		B44473441CBF9B06005B8662 /* RWLabel.h */ = {isa = PBXFileReference; fileEncoding = 4; lastKnownFileType = sourcecode.c.h; path = RWLabel.h; sourceTree = "<group>"; };
		B44473451CBF9B06005B8662 /* RWLabel.m */ = {isa = PBXFileReference; fileEncoding = 4; lastKnownFileType = sourcecode.c.objc; path = RWLabel.m; sourceTree = "<group>"; };
		B44C12581CDADA2F000AE969 /* ContentDetailViewController.h */ = {isa = PBXFileReference; fileEncoding = 4; lastKnownFileType = sourcecode.c.h; path = ContentDetailViewController.h; sourceTree = "<group>"; };
		B44C12591CDADA2F000AE969 /* ContentDetailViewController.m */ = {isa = PBXFileReference; fileEncoding = 4; lastKnownFileType = sourcecode.c.objc; path = ContentDetailViewController.m; sourceTree = "<group>"; };
		B44C125A1CDADA2F000AE969 /* ContentDetailViewController.xib */ = {isa = PBXFileReference; fileEncoding = 4; lastKnownFileType = file.xib; path = ContentDetailViewController.xib; sourceTree = "<group>"; };
		B44C125D1CDB49A0000AE969 /* NoteViewController.h */ = {isa = PBXFileReference; fileEncoding = 4; lastKnownFileType = sourcecode.c.h; path = NoteViewController.h; sourceTree = "<group>"; };
		B44C125E1CDB49A0000AE969 /* NoteViewController.m */ = {isa = PBXFileReference; fileEncoding = 4; lastKnownFileType = sourcecode.c.objc; path = NoteViewController.m; sourceTree = "<group>"; };
		B44C125F1CDB49A0000AE969 /* NoteViewController.xib */ = {isa = PBXFileReference; fileEncoding = 4; lastKnownFileType = file.xib; path = NoteViewController.xib; sourceTree = "<group>"; };
		B44C80AC1CE9A827005B9440 /* MBProgressHUD.h */ = {isa = PBXFileReference; fileEncoding = 4; lastKnownFileType = sourcecode.c.h; path = MBProgressHUD.h; sourceTree = "<group>"; };
		B44C80AD1CE9A827005B9440 /* MBProgressHUD.m */ = {isa = PBXFileReference; fileEncoding = 4; lastKnownFileType = sourcecode.c.objc; path = MBProgressHUD.m; sourceTree = "<group>"; };
		B44C80AF1CE9B5B1005B9440 /* AddDataView.h */ = {isa = PBXFileReference; fileEncoding = 4; lastKnownFileType = sourcecode.c.h; path = AddDataView.h; sourceTree = "<group>"; };
		B44C80B01CE9B5B1005B9440 /* AddDataView.m */ = {isa = PBXFileReference; fileEncoding = 4; lastKnownFileType = sourcecode.c.objc; path = AddDataView.m; sourceTree = "<group>"; };
		B44C80B21CE9B5C1005B9440 /* AddDataView.xib */ = {isa = PBXFileReference; fileEncoding = 4; lastKnownFileType = file.xib; path = AddDataView.xib; sourceTree = "<group>"; };
		B44E100A1D18D8D70051119E /* template.html */ = {isa = PBXFileReference; fileEncoding = 4; lastKnownFileType = text.html; path = template.html; sourceTree = "<group>"; };
		B44E100C1D190F990051119E /* test.js */ = {isa = PBXFileReference; fileEncoding = 4; lastKnownFileType = sourcecode.javascript; path = test.js; sourceTree = "<group>"; };
		B45956311CEB00350064A183 /* clsTableInfo.h */ = {isa = PBXFileReference; fileEncoding = 4; lastKnownFileType = sourcecode.c.h; path = clsTableInfo.h; sourceTree = "<group>"; };
		B45956321CEB00350064A183 /* clsTableInfo.m */ = {isa = PBXFileReference; fileEncoding = 4; lastKnownFileType = sourcecode.c.objc; path = clsTableInfo.m; sourceTree = "<group>"; };
		B471C8A51DD9B8C100F4AF12 /* encryptAndDecrypt-Prefix.pch */ = {isa = PBXFileReference; lastKnownFileType = sourcecode.c.h; path = "encryptAndDecrypt-Prefix.pch"; sourceTree = "<group>"; };
		B4AA51FF2178846B00A4ABD5 /* 需求.md */ = {isa = PBXFileReference; fileEncoding = 4; lastKnownFileType = net.daringfireball.markdown; path = "需求.md"; sourceTree = "<group>"; };
		B4AA5202217886F800A4ABD5 /* FCHCameraLoadingView.h */ = {isa = PBXFileReference; fileEncoding = 4; lastKnownFileType = sourcecode.c.h; path = FCHCameraLoadingView.h; sourceTree = "<group>"; };
		B4AA5203217886F800A4ABD5 /* FCHCameraLoadingView.m */ = {isa = PBXFileReference; fileEncoding = 4; lastKnownFileType = sourcecode.c.objc; path = FCHCameraLoadingView.m; sourceTree = "<group>"; };
		B4AA5204217886F800A4ABD5 /* FCHLoadingStateView.h */ = {isa = PBXFileReference; fileEncoding = 4; lastKnownFileType = sourcecode.c.h; path = FCHLoadingStateView.h; sourceTree = "<group>"; };
		B4AA5205217886F800A4ABD5 /* FCHLoadingStateView.m */ = {isa = PBXFileReference; fileEncoding = 4; lastKnownFileType = sourcecode.c.objc; path = FCHLoadingStateView.m; sourceTree = "<group>"; };
		B4AA5206217886F800A4ABD5 /* FCHLoadingView.h */ = {isa = PBXFileReference; fileEncoding = 4; lastKnownFileType = sourcecode.c.h; path = FCHLoadingView.h; sourceTree = "<group>"; };
		B4AA5207217886F800A4ABD5 /* FCHLoadingView.m */ = {isa = PBXFileReference; fileEncoding = 4; lastKnownFileType = sourcecode.c.objc; path = FCHLoadingView.m; sourceTree = "<group>"; };
		B4AA5208217886F800A4ABD5 /* FCHVarietyStyleLoadingView.h */ = {isa = PBXFileReference; fileEncoding = 4; lastKnownFileType = sourcecode.c.h; path = FCHVarietyStyleLoadingView.h; sourceTree = "<group>"; };
		B4AA5209217886F800A4ABD5 /* FCHVarietyStyleLoadingView.m */ = {isa = PBXFileReference; fileEncoding = 4; lastKnownFileType = sourcecode.c.objc; path = FCHVarietyStyleLoadingView.m; sourceTree = "<group>"; };
		B4AA520E2178872F00A4ABD5 /* FCHActivityCeterLoadingView.m */ = {isa = PBXFileReference; fileEncoding = 4; lastKnownFileType = sourcecode.c.objc; path = FCHActivityCeterLoadingView.m; sourceTree = "<group>"; };
		B4AA520F2178872F00A4ABD5 /* FCHActivityCeterLoadingView.h */ = {isa = PBXFileReference; fileEncoding = 4; lastKnownFileType = sourcecode.c.h; path = FCHActivityCeterLoadingView.h; sourceTree = "<group>"; };
		B4AA52122178898200A4ABD5 /* SLUIColor.h */ = {isa = PBXFileReference; fileEncoding = 4; lastKnownFileType = sourcecode.c.h; path = SLUIColor.h; sourceTree = "<group>"; };
		B4AA52132178898200A4ABD5 /* SLUIColor.m */ = {isa = PBXFileReference; fileEncoding = 4; lastKnownFileType = sourcecode.c.objc; path = SLUIColor.m; sourceTree = "<group>"; };
		B4AA5215217889F100A4ABD5 /* FCHRefreshIconView.h */ = {isa = PBXFileReference; fileEncoding = 4; lastKnownFileType = sourcecode.c.h; path = FCHRefreshIconView.h; sourceTree = "<group>"; };
		B4AA5216217889F100A4ABD5 /* FCHRefreshIconView.m */ = {isa = PBXFileReference; fileEncoding = 4; lastKnownFileType = sourcecode.c.objc; path = FCHRefreshIconView.m; sourceTree = "<group>"; };
		B4AA521B21788A5E00A4ABD5 /* UIImage+FCHRotateFlip.h */ = {isa = PBXFileReference; fileEncoding = 4; lastKnownFileType = sourcecode.c.h; path = "UIImage+FCHRotateFlip.h"; sourceTree = "<group>"; };
		B4AA521C21788A5E00A4ABD5 /* UIImage+FCHRotateFlip.m */ = {isa = PBXFileReference; fileEncoding = 4; lastKnownFileType = sourcecode.c.objc; path = "UIImage+FCHRotateFlip.m"; sourceTree = "<group>"; };
		B4AA521F21788C5B00A4ABD5 /* SLEasyDefine.h */ = {isa = PBXFileReference; fileEncoding = 4; lastKnownFileType = sourcecode.c.h; path = SLEasyDefine.h; sourceTree = "<group>"; };
		B4AA522021788C5B00A4ABD5 /* SLSecureHeader.h */ = {isa = PBXFileReference; fileEncoding = 4; lastKnownFileType = sourcecode.c.h; path = SLSecureHeader.h; sourceTree = "<group>"; };
		B4AA522121788C5B00A4ABD5 /* SLFitHeader.h */ = {isa = PBXFileReference; fileEncoding = 4; lastKnownFileType = sourcecode.c.h; path = SLFitHeader.h; sourceTree = "<group>"; };
		B4AA522221788C5B00A4ABD5 /* SLDelegateHeader.h */ = {isa = PBXFileReference; fileEncoding = 4; lastKnownFileType = sourcecode.c.h; path = SLDelegateHeader.h; sourceTree = "<group>"; };
		C08CE06C92EFBAB6F8D02074 /* Pods-encryptAndDecrypt.debug.xcconfig */ = {isa = PBXFileReference; includeInIndex = 1; lastKnownFileType = text.xcconfig; name = "Pods-encryptAndDecrypt.debug.xcconfig"; path = "Pods/Target Support Files/Pods-encryptAndDecrypt/Pods-encryptAndDecrypt.debug.xcconfig"; sourceTree = "<group>"; };
		C4FF8B842185723900359462 /* MCFontSettingViewController.m */ = {isa = PBXFileReference; fileEncoding = 4; lastKnownFileType = sourcecode.c.objc; path = MCFontSettingViewController.m; sourceTree = "<group>"; };
		C4FF8B852185723900359462 /* MCSkipSwitchViewController.m */ = {isa = PBXFileReference; fileEncoding = 4; lastKnownFileType = sourcecode.c.objc; path = MCSkipSwitchViewController.m; sourceTree = "<group>"; };
		C4FF8B862185723900359462 /* MCSkipSwitchViewController.h */ = {isa = PBXFileReference; fileEncoding = 4; lastKnownFileType = sourcecode.c.h; path = MCSkipSwitchViewController.h; sourceTree = "<group>"; };
		C4FF8B872185723900359462 /* MCCustomTopBar.h */ = {isa = PBXFileReference; fileEncoding = 4; lastKnownFileType = sourcecode.c.h; path = MCCustomTopBar.h; sourceTree = "<group>"; };
		C4FF8B882185723900359462 /* MCChangePasswordViewController.m */ = {isa = PBXFileReference; fileEncoding = 4; lastKnownFileType = sourcecode.c.objc; path = MCChangePasswordViewController.m; sourceTree = "<group>"; };
		C4FF8B892185723900359462 /* MCCustomTopBar.m */ = {isa = PBXFileReference; fileEncoding = 4; lastKnownFileType = sourcecode.c.objc; path = MCCustomTopBar.m; sourceTree = "<group>"; };
		C4FF8B8A2185723A00359462 /* MCChangePasswordViewController.h */ = {isa = PBXFileReference; fileEncoding = 4; lastKnownFileType = sourcecode.c.h; path = MCChangePasswordViewController.h; sourceTree = "<group>"; };
		C4FF8B8B2185723A00359462 /* MCAboutViewController.h */ = {isa = PBXFileReference; fileEncoding = 4; lastKnownFileType = sourcecode.c.h; path = MCAboutViewController.h; sourceTree = "<group>"; };
		C4FF8B8C2185723A00359462 /* MCFeedbackViewController.m */ = {isa = PBXFileReference; fileEncoding = 4; lastKnownFileType = sourcecode.c.objc; path = MCFeedbackViewController.m; sourceTree = "<group>"; };
		C4FF8B8D2185723A00359462 /* MCFontSettingViewController.h */ = {isa = PBXFileReference; fileEncoding = 4; lastKnownFileType = sourcecode.c.h; path = MCFontSettingViewController.h; sourceTree = "<group>"; };
		C4FF8B8E2185723A00359462 /* MCAboutViewController.m */ = {isa = PBXFileReference; fileEncoding = 4; lastKnownFileType = sourcecode.c.objc; path = MCAboutViewController.m; sourceTree = "<group>"; };
		C4FF8B8F2185723A00359462 /* MCFeedbackViewController.h */ = {isa = PBXFileReference; fileEncoding = 4; lastKnownFileType = sourcecode.c.h; path = MCFeedbackViewController.h; sourceTree = "<group>"; };
		C4FF8B982185736100359462 /* MCThemeManage.m */ = {isa = PBXFileReference; fileEncoding = 4; lastKnownFileType = sourcecode.c.objc; path = MCThemeManage.m; sourceTree = "<group>"; };
		C4FF8B992185736100359462 /* MCThemeManage.h */ = {isa = PBXFileReference; fileEncoding = 4; lastKnownFileType = sourcecode.c.h; path = MCThemeManage.h; sourceTree = "<group>"; };
		C9BCA243183E6806B9E5A617 /* libPods-encryptAndDecrypt.a */ = {isa = PBXFileReference; explicitFileType = archive.ar; includeInIndex = 0; path = "libPods-encryptAndDecrypt.a"; sourceTree = BUILT_PRODUCTS_DIR; };
/* End PBXFileReference section */

/* Begin PBXFrameworksBuildPhase section */
		B42D63E71CBDD9A400284E04 /* Frameworks */ = {
			isa = PBXFrameworksBuildPhase;
			buildActionMask = 2147483647;
			files = (
				B42D64201CBE288000284E04 /* libsqlite3.0.tbd in Frameworks */,
				3594C85B72D81485C6500047 /* libPods-encryptAndDecrypt.a in Frameworks */,
			);
			runOnlyForDeploymentPostprocessing = 0;
		};
/* End PBXFrameworksBuildPhase section */

/* Begin PBXGroup section */
		1622873B217C79D000F06BD7 /* JPUserViewController */ = {
			isa = PBXGroup;
			children = (
				1622873E217C79F600F06BD7 /* C */,
				1622873D217C79F100F06BD7 /* V */,
				1622873C217C79E700F06BD7 /* M */,
			);
			path = JPUserViewController;
			sourceTree = "<group>";
		};
		1622873C217C79E700F06BD7 /* M */ = {
			isa = PBXGroup;
			children = (
				16401A1D217C7BDC002F291D /* userModel.h */,
				16401A1E217C7BDC002F291D /* userModel.m */,
			);
			path = M;
			sourceTree = "<group>";
		};
		1622873D217C79F100F06BD7 /* V */ = {
			isa = PBXGroup;
			children = (
				16401A1B217C7BA7002F291D /* userHeadView.h */,
				16401A1A217C7BA7002F291D /* userHeadView.m */,
				16228740217C7B0200F06BD7 /* userTableViewCell.h */,
				1622873F217C7B0200F06BD7 /* userTableViewCell.m */,
			);
			path = V;
			sourceTree = "<group>";
		};
		1622873E217C79F600F06BD7 /* C */ = {
			isa = PBXGroup;
			children = (
				16228738217C799A00F06BD7 /* JPUserViewController.h */,
				16228739217C799A00F06BD7 /* JPUserViewController.m */,
			);
			path = C;
			sourceTree = "<group>";
		};
		16E2D585217C8187007D756A /* JPSetNewNameOrSignature */ = {
			isa = PBXGroup;
			children = (
				16E2D586217C9F32007D756A /* JPSetNewNameOrSignatureVC.h */,
				16E2D587217C9F32007D756A /* JPSetNewNameOrSignatureVC.m */,
			);
			path = JPSetNewNameOrSignature;
			sourceTree = "<group>";
		};
		3522408A03868F8F7BAF6E40 /* Frameworks */ = {
			isa = PBXGroup;
			children = (
				C9BCA243183E6806B9E5A617 /* libPods-encryptAndDecrypt.a */,
			);
			name = Frameworks;
			sourceTree = "<group>";
		};
		A164367B40B90CFF3A632E59 /* Pods */ = {
			isa = PBXGroup;
			children = (
				4F3371B4F9AAA92F9D3B8949 /* Pods-encryptAndDecrypt.debug.xcconfig */,
				068401D846117E8131EBB31B /* Pods-encryptAndDecrypt.release.xcconfig */,
				C08CE06C92EFBAB6F8D02074 /* Pods-encryptAndDecrypt.debug.xcconfig */,
				1C65343998CEFFC977140F79 /* Pods-encryptAndDecrypt.release.xcconfig */,
			);
			path = Pods;
			sourceTree = "<group>";
		};
		B42D63E11CBDD9A400284E04 = {
			isa = PBXGroup;
			children = (
				B4AA51FE2178811700A4ABD5 /* 项目文档 */,
				B42D63EC1CBDD9A500284E04 /* encryptAndDecrypt */,
				B42D63EB1CBDD9A500284E04 /* Products */,
				A164367B40B90CFF3A632E59 /* Pods */,
				3522408A03868F8F7BAF6E40 /* Frameworks */,
			);
			sourceTree = "<group>";
		};
		B42D63EB1CBDD9A500284E04 /* Products */ = {
			isa = PBXGroup;
			children = (
				B42D63EA1CBDD9A500284E04 /* encryptAndDecrypt.app */,
			);
			name = Products;
			sourceTree = "<group>";
		};
		B42D63EC1CBDD9A500284E04 /* encryptAndDecrypt */ = {
			isa = PBXGroup;
			children = (
				B42D63F01CBDD9A500284E04 /* AppDelegate.h */,
				B42D63F11CBDD9A500284E04 /* AppDelegate.m */,
				B42D64041CBDD9D600284E04 /* LoginViewController.h */,
				B42D64051CBDD9D600284E04 /* LoginViewController.m */,
				B42D64061CBDD9D600284E04 /* LoginViewController.xib */,
				B42D63F91CBDD9A500284E04 /* Assets.xcassets */,
				B42D63FB1CBDD9A500284E04 /* LaunchScreen.storyboard */,
				B42D63FE1CBDD9A500284E04 /* Info.plist */,
				B444730A1CBF6406005B8662 /* Main */,
				C4FF8B972185734100359462 /* Unity */,
				B4AA521921788A3100A4ABD5 /* Categories */,
				B42D640A1CBE23C600284E04 /* Classes */,
				B42D640B1CBE285000284E04 /* Lib */,
				B42D63ED1CBDD9A500284E04 /* Supporting Files */,
			);
			path = encryptAndDecrypt;
			sourceTree = "<group>";
		};
		B42D63ED1CBDD9A500284E04 /* Supporting Files */ = {
			isa = PBXGroup;
			children = (
				B42D63EE1CBDD9A500284E04 /* main.m */,
				B44E100A1D18D8D70051119E /* template.html */,
				B44E100C1D190F990051119E /* test.js */,
				B471C8A51DD9B8C100F4AF12 /* encryptAndDecrypt-Prefix.pch */,
			);
			name = "Supporting Files";
			sourceTree = "<group>";
		};
		B42D640A1CBE23C600284E04 /* Classes */ = {
			isa = PBXGroup;
			children = (
				5F1C62BE217CB598006760F2 /* clsResponseResult.h */,
				5F1C62BD217CB597006760F2 /* clsResponseResult.m */,
				5F1C62BA217CB36B006760F2 /* clsWebServices.h */,
				5F1C62BB217CB36B006760F2 /* clsWebServices.m */,
				B44472FD1CBF35B3005B8662 /* clsOtherFun.h */,
				B44472FE1CBF35B3005B8662 /* clsOtherFun.m */,
				B42D64211CBE299F00284E04 /* operationsDB.h */,
				B42D64221CBE299F00284E04 /* operationsDB.m */,
				B44472FA1CBF28CA005B8662 /* clsUserInfo.h */,
				B44472FB1CBF28CA005B8662 /* clsUserInfo.m */,
				B44473101CBF66E4005B8662 /* clsUserEncryptInfo.h */,
				B44473111CBF66E4005B8662 /* clsUserEncryptInfo.m */,
				B45956311CEB00350064A183 /* clsTableInfo.h */,
				B45956321CEB00350064A183 /* clsTableInfo.m */,
			);
			path = Classes;
			sourceTree = "<group>";
		};
		B42D640B1CBE285000284E04 /* Lib */ = {
			isa = PBXGroup;
			children = (
				B4AA521E21788C1700A4ABD5 /* SLEasyDefine */,
				B4AA52112178898200A4ABD5 /* SLColor */,
				B4AA5201217886F800A4ABD5 /* HWDLoadingView */,
				B44473201CBF6CE2005B8662 /* AES */,
				B44473131CBF68D4005B8662 /* TPKeyboardAvoiding */,
				B44473001CBF3C1A005B8662 /* LoadingView */,
				B44472D71CBF2756005B8662 /* MJExtension */,
				B42D640C1CBE285000284E04 /* fmdb */,
				B42D641F1CBE288000284E04 /* libsqlite3.0.tbd */,
				B44C80AC1CE9A827005B9440 /* MBProgressHUD.h */,
				B44C80AD1CE9A827005B9440 /* MBProgressHUD.m */,
				B44473441CBF9B06005B8662 /* RWLabel.h */,
				B44473451CBF9B06005B8662 /* RWLabel.m */,
			);
			path = Lib;
			sourceTree = "<group>";
		};
		B42D640C1CBE285000284E04 /* fmdb */ = {
			isa = PBXGroup;
			children = (
				B42D640D1CBE285000284E04 /* FMDatabase.h */,
				B42D640E1CBE285000284E04 /* FMDatabase.m */,
				B42D640F1CBE285000284E04 /* FMDatabaseAdditions.h */,
				B42D64101CBE285000284E04 /* FMDatabaseAdditions.m */,
				B42D64111CBE285000284E04 /* FMDatabasePool.h */,
				B42D64121CBE285000284E04 /* FMDatabasePool.m */,
				B42D64131CBE285000284E04 /* FMDatabaseQueue.h */,
				B42D64141CBE285000284E04 /* FMDatabaseQueue.m */,
				B42D64151CBE285000284E04 /* FMDB.h */,
				B42D64161CBE285000284E04 /* FMResultSet.h */,
				B42D64171CBE285000284E04 /* FMResultSet.m */,
			);
			path = fmdb;
			sourceTree = "<group>";
		};
		B440BB071CEC1561005D0A30 /* Search */ = {
			isa = PBXGroup;
			children = (
				B440BB081CEC1597005D0A30 /* SearchView.h */,
				B440BB091CEC1597005D0A30 /* SearchView.m */,
				B440BB0B1CEC15AB005D0A30 /* SearchView.xib */,
				B440BB0D1CEC5D6A005D0A30 /* SearchResultViewController.h */,
				B440BB0E1CEC5D6A005D0A30 /* SearchResultViewController.m */,
				B440BB0F1CEC5D6A005D0A30 /* SearchResultViewController.xib */,
			);
			path = Search;
			sourceTree = "<group>";
		};
		B44472D71CBF2756005B8662 /* MJExtension */ = {
			isa = PBXGroup;
			children = (
				B44472D81CBF2756005B8662 /* MJExtension.h */,
				B44472D91CBF2756005B8662 /* MJExtensionConst.h */,
				B44472DA1CBF2756005B8662 /* MJExtensionConst.m */,
				B44472DB1CBF2756005B8662 /* MJFoundation.h */,
				B44472DC1CBF2756005B8662 /* MJFoundation.m */,
				B44472DD1CBF2756005B8662 /* MJProperty.h */,
				B44472DE1CBF2756005B8662 /* MJProperty.m */,
				B44472DF1CBF2756005B8662 /* MJPropertyKey.h */,
				B44472E01CBF2756005B8662 /* MJPropertyKey.m */,
				B44472E11CBF2756005B8662 /* MJPropertyType.h */,
				B44472E21CBF2756005B8662 /* MJPropertyType.m */,
				B44472E31CBF2756005B8662 /* NSObject+MJClass.h */,
				B44472E41CBF2756005B8662 /* NSObject+MJClass.m */,
				B44472E51CBF2756005B8662 /* NSObject+MJCoding.h */,
				B44472E61CBF2756005B8662 /* NSObject+MJCoding.m */,
				B44472E71CBF2756005B8662 /* NSObject+MJKeyValue.h */,
				B44472E81CBF2756005B8662 /* NSObject+MJKeyValue.m */,
				B44472E91CBF2756005B8662 /* NSObject+MJProperty.h */,
				B44472EA1CBF2756005B8662 /* NSObject+MJProperty.m */,
				B44472EB1CBF2756005B8662 /* NSString+MJExtension.h */,
				B44472EC1CBF2756005B8662 /* NSString+MJExtension.m */,
			);
			path = MJExtension;
			sourceTree = "<group>";
		};
		B44473001CBF3C1A005B8662 /* LoadingView */ = {
			isa = PBXGroup;
			children = (
				B44473011CBF3C1A005B8662 /* angle-mask.png */,
				B44473021CBF3C1A005B8662 /* angle-mask@2x.png */,
				B44473031CBF3C1A005B8662 /* angle-mask@3x.png */,
				B44473041CBF3C1A005B8662 /* LoadingView.h */,
				B44473051CBF3C1A005B8662 /* LoadingView.m */,
			);
			path = LoadingView;
			sourceTree = "<group>";
		};
		B444730A1CBF6406005B8662 /* Main */ = {
			isa = PBXGroup;
			children = (
				16E2D585217C8187007D756A /* JPSetNewNameOrSignature */,
				1622873B217C79D000F06BD7 /* JPUserViewController */,
				B440BB071CEC1561005D0A30 /* Search */,
				B444732D1CBF6FBF005B8662 /* Home */,
				B444732E1CBF6FBF005B8662 /* Personal */,
				B444732F1CBF6FBF005B8662 /* Setting */,
				B444730B1CBF6437005B8662 /* MainViewController.h */,
				B444730C1CBF6437005B8662 /* MainViewController.m */,
				B444730D1CBF6437005B8662 /* MainViewController.xib */,
			);
			path = Main;
			sourceTree = "<group>";
		};
		B44473131CBF68D4005B8662 /* TPKeyboardAvoiding */ = {
			isa = PBXGroup;
			children = (
				B44473141CBF68D4005B8662 /* TPKeyboardAvoidingCollectionView.h */,
				B44473151CBF68D4005B8662 /* TPKeyboardAvoidingCollectionView.m */,
				B44473161CBF68D4005B8662 /* TPKeyboardAvoidingScrollView.h */,
				B44473171CBF68D4005B8662 /* TPKeyboardAvoidingScrollView.m */,
				B44473181CBF68D4005B8662 /* TPKeyboardAvoidingTableView.h */,
				B44473191CBF68D4005B8662 /* TPKeyboardAvoidingTableView.m */,
				B444731A1CBF68D4005B8662 /* UIScrollView+TPKeyboardAvoidingAdditions.h */,
				B444731B1CBF68D4005B8662 /* UIScrollView+TPKeyboardAvoidingAdditions.m */,
			);
			path = TPKeyboardAvoiding;
			sourceTree = "<group>";
		};
		B44473201CBF6CE2005B8662 /* AES */ = {
			isa = PBXGroup;
			children = (
				B44473211CBF6CE2005B8662 /* AES.h */,
				B44473221CBF6CE2005B8662 /* AES.m */,
				B44473231CBF6CE2005B8662 /* NSData+Base64.h */,
				B44473241CBF6CE2005B8662 /* NSData+Base64.m */,
				B44473251CBF6CE2005B8662 /* NSData+CommonCrypto.h */,
				B44473261CBF6CE2005B8662 /* NSData+CommonCrypto.m */,
				B44473271CBF6CE2005B8662 /* NSString+Base64.h */,
				B44473281CBF6CE2005B8662 /* NSString+Base64.m */,
			);
			path = AES;
			sourceTree = "<group>";
		};
		B444732D1CBF6FBF005B8662 /* Home */ = {
			isa = PBXGroup;
			children = (
				B44473301CBF6FE9005B8662 /* HomeViewController.h */,
				B44473311CBF6FE9005B8662 /* HomeViewController.m */,
				B44473321CBF6FE9005B8662 /* HomeViewController.xib */,
				B444733F1CBF9348005B8662 /* HomeTableViewCell.h */,
				B44473401CBF9348005B8662 /* HomeTableViewCell.m */,
				B44473411CBF9348005B8662 /* HomeTableViewCell.xib */,
				B44C12581CDADA2F000AE969 /* ContentDetailViewController.h */,
				B44C12591CDADA2F000AE969 /* ContentDetailViewController.m */,
				B44C125A1CDADA2F000AE969 /* ContentDetailViewController.xib */,
				B44C125D1CDB49A0000AE969 /* NoteViewController.h */,
				B44C125E1CDB49A0000AE969 /* NoteViewController.m */,
				B44C125F1CDB49A0000AE969 /* NoteViewController.xib */,
				B44C80AF1CE9B5B1005B9440 /* AddDataView.h */,
				B44C80B01CE9B5B1005B9440 /* AddDataView.m */,
				B44C80B21CE9B5C1005B9440 /* AddDataView.xib */,
				5FE22200218A022F000CAE96 /* GeneratedPwdView.h */,
				5FE221FE218A022F000CAE96 /* GeneratedPwdView.m */,
				5FE221FF218A022F000CAE96 /* GeneratedPwdView.xib */,
			);
			path = Home;
			sourceTree = "<group>";
		};
		B444732E1CBF6FBF005B8662 /* Personal */ = {
			isa = PBXGroup;
			children = (
				B44473351CBF7023005B8662 /* PersonalViewController.h */,
				B44473361CBF7023005B8662 /* PersonalViewController.m */,
				B44473371CBF7023005B8662 /* PersonalViewController.xib */,
			);
			path = Personal;
			sourceTree = "<group>";
		};
		B444732F1CBF6FBF005B8662 /* Setting */ = {
			isa = PBXGroup;
			children = (
				C4FF8B962185727C00359462 /* View */,
				C4FF8B8B2185723A00359462 /* MCAboutViewController.h */,
				C4FF8B8E2185723A00359462 /* MCAboutViewController.m */,
				C4FF8B8A2185723A00359462 /* MCChangePasswordViewController.h */,
				C4FF8B882185723900359462 /* MCChangePasswordViewController.m */,
				C4FF8B8F2185723A00359462 /* MCFeedbackViewController.h */,
				C4FF8B8C2185723A00359462 /* MCFeedbackViewController.m */,
				C4FF8B8D2185723A00359462 /* MCFontSettingViewController.h */,
				C4FF8B842185723900359462 /* MCFontSettingViewController.m */,
				C4FF8B862185723900359462 /* MCSkipSwitchViewController.h */,
				C4FF8B852185723900359462 /* MCSkipSwitchViewController.m */,
				B444733A1CBF7048005B8662 /* SettingViewController.h */,
				B444733B1CBF7048005B8662 /* SettingViewController.m */,
				B444733C1CBF7048005B8662 /* SettingViewController.xib */,
			);
			path = Setting;
			sourceTree = "<group>";
		};
		B4AA51FE2178811700A4ABD5 /* 项目文档 */ = {
			isa = PBXGroup;
			children = (
				B4AA51FF2178846B00A4ABD5 /* 需求.md */,
			);
			path = "项目文档";
			sourceTree = "<group>";
		};
		B4AA5201217886F800A4ABD5 /* HWDLoadingView */ = {
			isa = PBXGroup;
			children = (
				B4AA5215217889F100A4ABD5 /* FCHRefreshIconView.h */,
				B4AA5216217889F100A4ABD5 /* FCHRefreshIconView.m */,
				B4AA520F2178872F00A4ABD5 /* FCHActivityCeterLoadingView.h */,
				B4AA520E2178872F00A4ABD5 /* FCHActivityCeterLoadingView.m */,
				B4AA5202217886F800A4ABD5 /* FCHCameraLoadingView.h */,
				B4AA5203217886F800A4ABD5 /* FCHCameraLoadingView.m */,
				B4AA5204217886F800A4ABD5 /* FCHLoadingStateView.h */,
				B4AA5205217886F800A4ABD5 /* FCHLoadingStateView.m */,
				B4AA5206217886F800A4ABD5 /* FCHLoadingView.h */,
				B4AA5207217886F800A4ABD5 /* FCHLoadingView.m */,
				B4AA5208217886F800A4ABD5 /* FCHVarietyStyleLoadingView.h */,
				B4AA5209217886F800A4ABD5 /* FCHVarietyStyleLoadingView.m */,
			);
			path = HWDLoadingView;
			sourceTree = "<group>";
		};
		B4AA52112178898200A4ABD5 /* SLColor */ = {
			isa = PBXGroup;
			children = (
				B4AA52122178898200A4ABD5 /* SLUIColor.h */,
				B4AA52132178898200A4ABD5 /* SLUIColor.m */,
			);
			path = SLColor;
			sourceTree = "<group>";
		};
		B4AA521921788A3100A4ABD5 /* Categories */ = {
			isa = PBXGroup;
			children = (
				B4AA521A21788A4500A4ABD5 /* UIImage */,
			);
			path = Categories;
			sourceTree = "<group>";
		};
		B4AA521A21788A4500A4ABD5 /* UIImage */ = {
			isa = PBXGroup;
			children = (
				B4AA521B21788A5E00A4ABD5 /* UIImage+FCHRotateFlip.h */,
				B4AA521C21788A5E00A4ABD5 /* UIImage+FCHRotateFlip.m */,
			);
			path = UIImage;
			sourceTree = "<group>";
		};
		B4AA521E21788C1700A4ABD5 /* SLEasyDefine */ = {
			isa = PBXGroup;
			children = (
				B4AA522221788C5B00A4ABD5 /* SLDelegateHeader.h */,
				B4AA521F21788C5B00A4ABD5 /* SLEasyDefine.h */,
				B4AA522121788C5B00A4ABD5 /* SLFitHeader.h */,
				B4AA522021788C5B00A4ABD5 /* SLSecureHeader.h */,
			);
			path = SLEasyDefine;
			sourceTree = "<group>";
		};
		C4FF8B962185727C00359462 /* View */ = {
			isa = PBXGroup;
			children = (
				C4FF8B872185723900359462 /* MCCustomTopBar.h */,
				C4FF8B892185723900359462 /* MCCustomTopBar.m */,
			);
			path = View;
			sourceTree = "<group>";
		};
		C4FF8B972185734100359462 /* Unity */ = {
			isa = PBXGroup;
			children = (
				C4FF8B992185736100359462 /* MCThemeManage.h */,
				C4FF8B982185736100359462 /* MCThemeManage.m */,
			);
			path = Unity;
			sourceTree = "<group>";
		};
/* End PBXGroup section */

/* Begin PBXNativeTarget section */
		B42D63E91CBDD9A400284E04 /* encryptAndDecrypt */ = {
			isa = PBXNativeTarget;
			buildConfigurationList = B42D64011CBDD9A500284E04 /* Build configuration list for PBXNativeTarget "encryptAndDecrypt" */;
			buildPhases = (
				3F3D971D1582DAB4498AC23A /* [CP] Check Pods Manifest.lock */,
				B42D63E61CBDD9A400284E04 /* Sources */,
				B42D63E71CBDD9A400284E04 /* Frameworks */,
				B42D63E81CBDD9A400284E04 /* Resources */,
			);
			buildRules = (
			);
			dependencies = (
			);
			name = encryptAndDecrypt;
			productName = encryptAndDecrypt;
			productReference = B42D63EA1CBDD9A500284E04 /* encryptAndDecrypt.app */;
			productType = "com.apple.product-type.application";
		};
/* End PBXNativeTarget section */

/* Begin PBXProject section */
		B42D63E21CBDD9A400284E04 /* Project object */ = {
			isa = PBXProject;
			attributes = {
				LastUpgradeCheck = 0730;
				ORGANIZATIONNAME = huweidong;
				TargetAttributes = {
					B42D63E91CBDD9A400284E04 = {
						CreatedOnToolsVersion = 7.3;
						DevelopmentTeam = G583SJY324;
					};
				};
			};
			buildConfigurationList = B42D63E51CBDD9A400284E04 /* Build configuration list for PBXProject "encryptAndDecrypt" */;
			compatibilityVersion = "Xcode 3.2";
			developmentRegion = English;
			hasScannedForEncodings = 0;
			knownRegions = (
				en,
				Base,
			);
			mainGroup = B42D63E11CBDD9A400284E04;
			productRefGroup = B42D63EB1CBDD9A500284E04 /* Products */;
			projectDirPath = "";
			projectRoot = "";
			targets = (
				B42D63E91CBDD9A400284E04 /* encryptAndDecrypt */,
			);
		};
/* End PBXProject section */

/* Begin PBXResourcesBuildPhase section */
		B42D63E81CBDD9A400284E04 /* Resources */ = {
			isa = PBXResourcesBuildPhase;
			buildActionMask = 2147483647;
			files = (
				B44E100D1D190F990051119E /* test.js in Resources */,
				B44473431CBF9348005B8662 /* HomeTableViewCell.xib in Resources */,
				5FE22202218A0230000CAE96 /* GeneratedPwdView.xib in Resources */,
				B44C125C1CDADA2F000AE969 /* ContentDetailViewController.xib in Resources */,
				B44473071CBF3C1A005B8662 /* angle-mask@2x.png in Resources */,
				B440BB111CEC5D6A005D0A30 /* SearchResultViewController.xib in Resources */,
				B444733E1CBF7048005B8662 /* SettingViewController.xib in Resources */,
				B44E100B1D18D8D70051119E /* template.html in Resources */,
				B42D63FD1CBDD9A500284E04 /* LaunchScreen.storyboard in Resources */,
				B44473061CBF3C1A005B8662 /* angle-mask.png in Resources */,
				B44C12611CDB49A0000AE969 /* NoteViewController.xib in Resources */,
				B42D63FA1CBDD9A500284E04 /* Assets.xcassets in Resources */,
				B42D64081CBDD9D600284E04 /* LoginViewController.xib in Resources */,
				B4AA52002178846B00A4ABD5 /* 需求.md in Resources */,
				B444730F1CBF6437005B8662 /* MainViewController.xib in Resources */,
				B44C80B31CE9B5C1005B9440 /* AddDataView.xib in Resources */,
				B440BB0C1CEC15AB005D0A30 /* SearchView.xib in Resources */,
				B44473081CBF3C1A005B8662 /* angle-mask@3x.png in Resources */,
				B44473391CBF7023005B8662 /* PersonalViewController.xib in Resources */,
				B44473341CBF6FE9005B8662 /* HomeViewController.xib in Resources */,
			);
			runOnlyForDeploymentPostprocessing = 0;
		};
/* End PBXResourcesBuildPhase section */

/* Begin PBXShellScriptBuildPhase section */
		3F3D971D1582DAB4498AC23A /* [CP] Check Pods Manifest.lock */ = {
			isa = PBXShellScriptBuildPhase;
			buildActionMask = 2147483647;
			files = (
			);
			inputPaths = (
				"${PODS_PODFILE_DIR_PATH}/Podfile.lock",
				"${PODS_ROOT}/Manifest.lock",
			);
			name = "[CP] Check Pods Manifest.lock";
			outputPaths = (
				"$(DERIVED_FILE_DIR)/Pods-encryptAndDecrypt-checkManifestLockResult.txt",
			);
			runOnlyForDeploymentPostprocessing = 0;
			shellPath = /bin/sh;
			shellScript = "diff \"${PODS_PODFILE_DIR_PATH}/Podfile.lock\" \"${PODS_ROOT}/Manifest.lock\" > /dev/null\nif [ $? != 0 ] ; then\n    # print error to STDERR\n    echo \"error: The sandbox is not in sync with the Podfile.lock. Run 'pod install' or update your CocoaPods installation.\" >&2\n    exit 1\nfi\n# This output is used by Xcode 'outputs' to avoid re-running this script phase.\necho \"SUCCESS\" > \"${SCRIPT_OUTPUT_FILE_0}\"\n";
			showEnvVarsInLog = 0;
		};
/* End PBXShellScriptBuildPhase section */

/* Begin PBXSourcesBuildPhase section */
		B42D63E61CBDD9A400284E04 /* Sources */ = {
			isa = PBXSourcesBuildPhase;
			buildActionMask = 2147483647;
			files = (
				B444731C1CBF68D4005B8662 /* TPKeyboardAvoidingCollectionView.m in Sources */,
				5F1C62BC217CB36B006760F2 /* clsWebServices.m in Sources */,
				B44472F31CBF2756005B8662 /* NSObject+MJCoding.m in Sources */,
				B44473461CBF9B06005B8662 /* RWLabel.m in Sources */,
				B44472F11CBF2756005B8662 /* MJPropertyType.m in Sources */,
				B44472ED1CBF2756005B8662 /* MJExtensionConst.m in Sources */,
				B44472F01CBF2756005B8662 /* MJPropertyKey.m in Sources */,
				B4AA520D217886F800A4ABD5 /* FCHVarietyStyleLoadingView.m in Sources */,
				C4FF8B902185723A00359462 /* MCFontSettingViewController.m in Sources */,
				C4FF8B942185723A00359462 /* MCFeedbackViewController.m in Sources */,
				5F1C62BF217CB598006760F2 /* clsResponseResult.m in Sources */,
				B44472F41CBF2756005B8662 /* NSObject+MJKeyValue.m in Sources */,
				B44C80AE1CE9A827005B9440 /* MBProgressHUD.m in Sources */,
				B42D63F21CBDD9A500284E04 /* AppDelegate.m in Sources */,
				C4FF8B912185723A00359462 /* MCSkipSwitchViewController.m in Sources */,
				5FE22201218A0230000CAE96 /* GeneratedPwdView.m in Sources */,
				B4AA520B217886F800A4ABD5 /* FCHLoadingStateView.m in Sources */,
				B44472FF1CBF35B3005B8662 /* clsOtherFun.m in Sources */,
				B42D641B1CBE285000284E04 /* FMDatabasePool.m in Sources */,
				B44472EE1CBF2756005B8662 /* MJFoundation.m in Sources */,
				16401A1F217C7BDC002F291D /* userModel.m in Sources */,
				B44473121CBF66E4005B8662 /* clsUserEncryptInfo.m in Sources */,
				B4AA520C217886F800A4ABD5 /* FCHLoadingView.m in Sources */,
				B4AA5217217889F100A4ABD5 /* FCHRefreshIconView.m in Sources */,
				B44472F61CBF2756005B8662 /* NSString+MJExtension.m in Sources */,
				C4FF8B932185723A00359462 /* MCCustomTopBar.m in Sources */,
				B44C12601CDB49A0000AE969 /* NoteViewController.m in Sources */,
				C4FF8B9A2185736100359462 /* MCThemeManage.m in Sources */,
				1622873A217C799A00F06BD7 /* JPUserViewController.m in Sources */,
				B4AA520A217886F800A4ABD5 /* FCHCameraLoadingView.m in Sources */,
				16E2D588217C9F32007D756A /* JPSetNewNameOrSignatureVC.m in Sources */,
				B44472EF1CBF2756005B8662 /* MJProperty.m in Sources */,
				B4AA52102178872F00A4ABD5 /* FCHActivityCeterLoadingView.m in Sources */,
				B444731D1CBF68D4005B8662 /* TPKeyboardAvoidingScrollView.m in Sources */,
				B44473421CBF9348005B8662 /* HomeTableViewCell.m in Sources */,
				16401A1C217C7BA8002F291D /* userHeadView.m in Sources */,
				B44473381CBF7023005B8662 /* PersonalViewController.m in Sources */,
				B444732B1CBF6CE2005B8662 /* NSData+CommonCrypto.m in Sources */,
				B444730E1CBF6437005B8662 /* MainViewController.m in Sources */,
				B42D63EF1CBDD9A500284E04 /* main.m in Sources */,
				B44473331CBF6FE9005B8662 /* HomeViewController.m in Sources */,
				B44472FC1CBF28CA005B8662 /* clsUserInfo.m in Sources */,
				B444732A1CBF6CE2005B8662 /* NSData+Base64.m in Sources */,
				B444731F1CBF68D4005B8662 /* UIScrollView+TPKeyboardAvoidingAdditions.m in Sources */,
				B44C80B11CE9B5B1005B9440 /* AddDataView.m in Sources */,
				16228741217C7B0200F06BD7 /* userTableViewCell.m in Sources */,
				C4FF8B922185723A00359462 /* MCChangePasswordViewController.m in Sources */,
				B4AA521D21788A5E00A4ABD5 /* UIImage+FCHRotateFlip.m in Sources */,
				B444732C1CBF6CE2005B8662 /* NSString+Base64.m in Sources */,
				C4FF8B952185723A00359462 /* MCAboutViewController.m in Sources */,
				B42D641C1CBE285000284E04 /* FMDatabaseQueue.m in Sources */,
				B444733D1CBF7048005B8662 /* SettingViewController.m in Sources */,
				B42D64071CBDD9D600284E04 /* LoginViewController.m in Sources */,
				B42D64191CBE285000284E04 /* FMDatabase.m in Sources */,
				B44472F51CBF2756005B8662 /* NSObject+MJProperty.m in Sources */,
				B444731E1CBF68D4005B8662 /* TPKeyboardAvoidingTableView.m in Sources */,
				B44473091CBF3C1A005B8662 /* LoadingView.m in Sources */,
				B440BB101CEC5D6A005D0A30 /* SearchResultViewController.m in Sources */,
				B44473291CBF6CE2005B8662 /* AES.m in Sources */,
				B42D64231CBE299F00284E04 /* operationsDB.m in Sources */,
				B44472F21CBF2756005B8662 /* NSObject+MJClass.m in Sources */,
				B4AA52142178898200A4ABD5 /* SLUIColor.m in Sources */,
				B42D641D1CBE285000284E04 /* FMResultSet.m in Sources */,
				B42D641A1CBE285000284E04 /* FMDatabaseAdditions.m in Sources */,
				B44C125B1CDADA2F000AE969 /* ContentDetailViewController.m in Sources */,
				B440BB0A1CEC1597005D0A30 /* SearchView.m in Sources */,
				B45956331CEB00350064A183 /* clsTableInfo.m in Sources */,
			);
			runOnlyForDeploymentPostprocessing = 0;
		};
/* End PBXSourcesBuildPhase section */

/* Begin PBXVariantGroup section */
		B42D63FB1CBDD9A500284E04 /* LaunchScreen.storyboard */ = {
			isa = PBXVariantGroup;
			children = (
				B42D63FC1CBDD9A500284E04 /* Base */,
			);
			name = LaunchScreen.storyboard;
			sourceTree = "<group>";
		};
/* End PBXVariantGroup section */

/* Begin XCBuildConfiguration section */
		B42D63FF1CBDD9A500284E04 /* Debug */ = {
			isa = XCBuildConfiguration;
			buildSettings = {
				ALWAYS_SEARCH_USER_PATHS = NO;
				CLANG_ANALYZER_NONNULL = YES;
				CLANG_CXX_LANGUAGE_STANDARD = "gnu++0x";
				CLANG_CXX_LIBRARY = "libc++";
				CLANG_ENABLE_MODULES = YES;
				CLANG_ENABLE_OBJC_ARC = YES;
				CLANG_WARN_BOOL_CONVERSION = YES;
				CLANG_WARN_CONSTANT_CONVERSION = YES;
				CLANG_WARN_DIRECT_OBJC_ISA_USAGE = YES_ERROR;
				CLANG_WARN_EMPTY_BODY = YES;
				CLANG_WARN_ENUM_CONVERSION = YES;
				CLANG_WARN_INT_CONVERSION = YES;
				CLANG_WARN_OBJC_ROOT_CLASS = YES_ERROR;
				CLANG_WARN_UNREACHABLE_CODE = YES;
				CLANG_WARN__DUPLICATE_METHOD_MATCH = YES;
				"CODE_SIGN_IDENTITY[sdk=iphoneos*]" = "iPhone Developer";
				COPY_PHASE_STRIP = NO;
				DEBUG_INFORMATION_FORMAT = dwarf;
				ENABLE_STRICT_OBJC_MSGSEND = YES;
				ENABLE_TESTABILITY = YES;
				GCC_C_LANGUAGE_STANDARD = gnu99;
				GCC_DYNAMIC_NO_PIC = NO;
				GCC_NO_COMMON_BLOCKS = YES;
				GCC_OPTIMIZATION_LEVEL = 0;
				GCC_PREPROCESSOR_DEFINITIONS = (
					"DEBUG=1",
					"$(inherited)",
				);
				GCC_WARN_64_TO_32_BIT_CONVERSION = YES;
				GCC_WARN_ABOUT_RETURN_TYPE = YES_ERROR;
				GCC_WARN_UNDECLARED_SELECTOR = YES;
				GCC_WARN_UNINITIALIZED_AUTOS = YES_AGGRESSIVE;
				GCC_WARN_UNUSED_FUNCTION = YES;
				GCC_WARN_UNUSED_VARIABLE = YES;
				IPHONEOS_DEPLOYMENT_TARGET = 9.3;
				MTL_ENABLE_DEBUG_INFO = YES;
				ONLY_ACTIVE_ARCH = YES;
				SDKROOT = iphoneos;
			};
			name = Debug;
		};
		B42D64001CBDD9A500284E04 /* Release */ = {
			isa = XCBuildConfiguration;
			buildSettings = {
				ALWAYS_SEARCH_USER_PATHS = NO;
				CLANG_ANALYZER_NONNULL = YES;
				CLANG_CXX_LANGUAGE_STANDARD = "gnu++0x";
				CLANG_CXX_LIBRARY = "libc++";
				CLANG_ENABLE_MODULES = YES;
				CLANG_ENABLE_OBJC_ARC = YES;
				CLANG_WARN_BOOL_CONVERSION = YES;
				CLANG_WARN_CONSTANT_CONVERSION = YES;
				CLANG_WARN_DIRECT_OBJC_ISA_USAGE = YES_ERROR;
				CLANG_WARN_EMPTY_BODY = YES;
				CLANG_WARN_ENUM_CONVERSION = YES;
				CLANG_WARN_INT_CONVERSION = YES;
				CLANG_WARN_OBJC_ROOT_CLASS = YES_ERROR;
				CLANG_WARN_UNREACHABLE_CODE = YES;
				CLANG_WARN__DUPLICATE_METHOD_MATCH = YES;
				"CODE_SIGN_IDENTITY[sdk=iphoneos*]" = "iPhone Developer";
				COPY_PHASE_STRIP = NO;
				DEBUG_INFORMATION_FORMAT = "dwarf-with-dsym";
				ENABLE_NS_ASSERTIONS = NO;
				ENABLE_STRICT_OBJC_MSGSEND = YES;
				GCC_C_LANGUAGE_STANDARD = gnu99;
				GCC_NO_COMMON_BLOCKS = YES;
				GCC_WARN_64_TO_32_BIT_CONVERSION = YES;
				GCC_WARN_ABOUT_RETURN_TYPE = YES_ERROR;
				GCC_WARN_UNDECLARED_SELECTOR = YES;
				GCC_WARN_UNINITIALIZED_AUTOS = YES_AGGRESSIVE;
				GCC_WARN_UNUSED_FUNCTION = YES;
				GCC_WARN_UNUSED_VARIABLE = YES;
				IPHONEOS_DEPLOYMENT_TARGET = 9.3;
				MTL_ENABLE_DEBUG_INFO = NO;
				SDKROOT = iphoneos;
				VALIDATE_PRODUCT = YES;
			};
			name = Release;
		};
		B42D64021CBDD9A500284E04 /* Debug */ = {
			isa = XCBuildConfiguration;
			baseConfigurationReference = 4F3371B4F9AAA92F9D3B8949 /* Pods-encryptAndDecrypt.debug.xcconfig */;
			buildSettings = {
				ASSETCATALOG_COMPILER_APPICON_NAME = AppIcon;
				DEVELOPMENT_TEAM = G583SJY324;
				GCC_PREFIX_HEADER = "encryptAndDecrypt/encryptAndDecrypt-Prefix.pch";
				INFOPLIST_FILE = encryptAndDecrypt/Info.plist;
				IPHONEOS_DEPLOYMENT_TARGET = 8.1;
				LD_RUNPATH_SEARCH_PATHS = "$(inherited) @executable_path/Frameworks";
				PRODUCT_BUNDLE_IDENTIFIER = com.zxd.item.encryptAndDecrypt;
				PRODUCT_NAME = "$(TARGET_NAME)";
				TARGETED_DEVICE_FAMILY = 1;
				USER_HEADER_SEARCH_PATHS = "${SRCROOT}/**";
			};
			name = Debug;
		};
		B42D64031CBDD9A500284E04 /* Release */ = {
			isa = XCBuildConfiguration;
			baseConfigurationReference = 1C65343998CEFFC977140F79 /* Pods-encryptAndDecrypt.release.xcconfig */;
			buildSettings = {
				ASSETCATALOG_COMPILER_APPICON_NAME = AppIcon;
				DEVELOPMENT_TEAM = G583SJY324;
				GCC_PREFIX_HEADER = "encryptAndDecrypt/encryptAndDecrypt-Prefix.pch";
				INFOPLIST_FILE = encryptAndDecrypt/Info.plist;
				IPHONEOS_DEPLOYMENT_TARGET = 8.1;
				LD_RUNPATH_SEARCH_PATHS = "$(inherited) @executable_path/Frameworks";
				PRODUCT_BUNDLE_IDENTIFIER = com.zxd.item.encryptAndDecrypt;
				PRODUCT_NAME = "$(TARGET_NAME)";
				TARGETED_DEVICE_FAMILY = 1;
				USER_HEADER_SEARCH_PATHS = "${SRCROOT}/**";
			};
			name = Release;
		};
/* End XCBuildConfiguration section */

/* Begin XCConfigurationList section */
		B42D63E51CBDD9A400284E04 /* Build configuration list for PBXProject "encryptAndDecrypt" */ = {
			isa = XCConfigurationList;
			buildConfigurations = (
				B42D63FF1CBDD9A500284E04 /* Debug */,
				B42D64001CBDD9A500284E04 /* Release */,
			);
			defaultConfigurationIsVisible = 0;
			defaultConfigurationName = Release;
		};
		B42D64011CBDD9A500284E04 /* Build configuration list for PBXNativeTarget "encryptAndDecrypt" */ = {
			isa = XCConfigurationList;
			buildConfigurations = (
				B42D64021CBDD9A500284E04 /* Debug */,
				B42D64031CBDD9A500284E04 /* Release */,
			);
			defaultConfigurationIsVisible = 0;
			defaultConfigurationName = Release;
		};
/* End XCConfigurationList section */
	};
	rootObject = B42D63E21CBDD9A400284E04 /* Project object */;
}
